
Microsoft Visual Studio Solution File, Format Version 12.00
# Visual Studio 15
VisualStudioVersion = 15.0.27428.2011
MinimumVisualStudioVersion = 10.0.40219.1
Project("{9A19103F-16F7-4668-BE54-9A1E7A4F7556}") = "Linked_List", "11_kth_from_end\Linked_List.csproj", "{3B9CF6F6-7D71-42EE-9724-AF3D7DFA6DFA}"
EndProject
Project("{9A19103F-16F7-4668-BE54-9A1E7A4F7556}") = "XUnitTestProject1", "XUnitTestProject1\XUnitTestProject1.csproj", "{765D5887-7B3E-4836-9576-62A66E6CCF57}"
EndProject
Global
	GlobalSection(SolutionConfigurationPlatforms) = preSolution
		Debug|Any CPU = Debug|Any CPU
		Release|Any CPU = Release|Any CPU
	EndGlobalSection
	GlobalSection(ProjectConfigurationPlatforms) = postSolution
		{3B9CF6F6-7D71-42EE-9724-AF3D7DFA6DFA}.Debug|Any CPU.ActiveCfg = Debug|Any CPU
		{3B9CF6F6-7D71-42EE-9724-AF3D7DFA6DFA}.Debug|Any CPU.Build.0 = Debug|Any CPU
		{3B9CF6F6-7D71-42EE-9724-AF3D7DFA6DFA}.Release|Any CPU.ActiveCfg = Release|Any CPU
		{3B9CF6F6-7D71-42EE-9724-AF3D7DFA6DFA}.Release|Any CPU.Build.0 = Release|Any CPU
		{765D5887-7B3E-4836-9576-62A66E6CCF57}.Debug|Any CPU.ActiveCfg = Debug|Any CPU
		{765D5887-7B3E-4836-9576-62A66E6CCF57}.Debug|Any CPU.Build.0 = Debug|Any CPU
		{765D5887-7B3E-4836-9576-62A66E6CCF57}.Release|Any CPU.ActiveCfg = Release|Any CPU
		{765D5887-7B3E-4836-9576-62A66E6CCF57}.Release|Any CPU.Build.0 = Release|Any CPU
	EndGlobalSection
	GlobalSection(SolutionProperties) = preSolution
		HideSolutionNode = FALSE
	EndGlobalSection
	GlobalSection(ExtensibilityGlobals) = postSolution
		SolutionGuid = {7B082E93-4688-4FB2-9F2C-01F88E7AB286}
	EndGlobalSection
EndGlobal
