
Microsoft Visual Studio Solution File, Format Version 12.00
# Visual Studio 15
VisualStudioVersion = 15.0.27428.2015
MinimumVisualStudioVersion = 10.0.40219.1
Project("{FAE04EC0-301F-11D3-BF4B-00C04F79EFBC}") = "BinaryTree", "ConsoleApp1\BinaryTree.csproj", "{1687B4FC-8FDF-4F00-B364-8FFB1A105F4C}"
EndProject
Global
	GlobalSection(SolutionConfigurationPlatforms) = preSolution
		Debug|Any CPU = Debug|Any CPU
		Release|Any CPU = Release|Any CPU
	EndGlobalSection
	GlobalSection(ProjectConfigurationPlatforms) = postSolution
		{1687B4FC-8FDF-4F00-B364-8FFB1A105F4C}.Debug|Any CPU.ActiveCfg = Debug|Any CPU
		{1687B4FC-8FDF-4F00-B364-8FFB1A105F4C}.Debug|Any CPU.Build.0 = Debug|Any CPU
		{1687B4FC-8FDF-4F00-B364-8FFB1A105F4C}.Release|Any CPU.ActiveCfg = Release|Any CPU
		{1687B4FC-8FDF-4F00-B364-8FFB1A105F4C}.Release|Any CPU.Build.0 = Release|Any CPU
	EndGlobalSection
	GlobalSection(SolutionProperties) = preSolution
		HideSolutionNode = FALSE
	EndGlobalSection
	GlobalSection(ExtensibilityGlobals) = postSolution
		SolutionGuid = {1D3CD1A5-17DA-4F0E-8107-4E25ABB33784}
	EndGlobalSection
EndGlobal
