
Microsoft Visual Studio Solution File, Format Version 12.00
# Visual Studio 15
VisualStudioVersion = 15.0.27428.2015
MinimumVisualStudioVersion = 10.0.40219.1
Project("{9A19103F-16F7-4668-BE54-9A1E7A4F7556}") = "HashTable", "HashTable\HashTable.csproj", "{0426F5D7-2CD7-4BFE-9CEE-3F1AF67EE44C}"
EndProject
Project("{2150E333-8FDC-42A3-9474-1A3956D46DE8}") = "Solution Items", "Solution Items", "{FE617BB8-A715-402A-9533-2C23268AE0EC}"
	ProjectSection(SolutionItems) = preProject
		Readme.md = Readme.md
	EndProjectSection
EndProject
Project("{9A19103F-16F7-4668-BE54-9A1E7A4F7556}") = "HashTableXUnitTestProject", "HashTableXUnitTestProject\HashTableXUnitTestProject.csproj", "{7FE66A3E-1791-42B9-93A0-0A4A84461C6B}"
EndProject
Global
	GlobalSection(SolutionConfigurationPlatforms) = preSolution
		Debug|Any CPU = Debug|Any CPU
		Release|Any CPU = Release|Any CPU
	EndGlobalSection
	GlobalSection(ProjectConfigurationPlatforms) = postSolution
		{0426F5D7-2CD7-4BFE-9CEE-3F1AF67EE44C}.Debug|Any CPU.ActiveCfg = Debug|Any CPU
		{0426F5D7-2CD7-4BFE-9CEE-3F1AF67EE44C}.Debug|Any CPU.Build.0 = Debug|Any CPU
		{0426F5D7-2CD7-4BFE-9CEE-3F1AF67EE44C}.Release|Any CPU.ActiveCfg = Release|Any CPU
		{0426F5D7-2CD7-4BFE-9CEE-3F1AF67EE44C}.Release|Any CPU.Build.0 = Release|Any CPU
		{7FE66A3E-1791-42B9-93A0-0A4A84461C6B}.Debug|Any CPU.ActiveCfg = Debug|Any CPU
		{7FE66A3E-1791-42B9-93A0-0A4A84461C6B}.Debug|Any CPU.Build.0 = Debug|Any CPU
		{7FE66A3E-1791-42B9-93A0-0A4A84461C6B}.Release|Any CPU.ActiveCfg = Release|Any CPU
		{7FE66A3E-1791-42B9-93A0-0A4A84461C6B}.Release|Any CPU.Build.0 = Release|Any CPU
	EndGlobalSection
	GlobalSection(SolutionProperties) = preSolution
		HideSolutionNode = FALSE
	EndGlobalSection
	GlobalSection(ExtensibilityGlobals) = postSolution
		SolutionGuid = {CDE98A84-8CDF-4859-81A9-D239C346120A}
	EndGlobalSection
EndGlobal
