
Microsoft Visual Studio Solution File, Format Version 12.00
# Visual Studio 15
VisualStudioVersion = 15.0.27428.2011
MinimumVisualStudioVersion = 10.0.40219.1
Project("{9A19103F-16F7-4668-BE54-9A1E7A4F7556}") = "LinkedListInsertions", "LinkedListAssertions\LinkedListInsertions.csproj", "{62FD7C19-8712-4464-8EB2-F9AC34D4662A}"
EndProject
Project("{2150E333-8FDC-42A3-9474-1A3956D46DE8}") = "Solution Items", "Solution Items", "{0FF3FA6C-9AC9-44D5-9480-42DF42B41E12}"
	ProjectSection(SolutionItems) = preProject
		Readme.md = Readme.md
	EndProjectSection
EndProject
Global
	GlobalSection(SolutionConfigurationPlatforms) = preSolution
		Debug|Any CPU = Debug|Any CPU
		Release|Any CPU = Release|Any CPU
	EndGlobalSection
	GlobalSection(ProjectConfigurationPlatforms) = postSolution
		{62FD7C19-8712-4464-8EB2-F9AC34D4662A}.Debug|Any CPU.ActiveCfg = Debug|Any CPU
		{62FD7C19-8712-4464-8EB2-F9AC34D4662A}.Debug|Any CPU.Build.0 = Debug|Any CPU
		{62FD7C19-8712-4464-8EB2-F9AC34D4662A}.Release|Any CPU.ActiveCfg = Release|Any CPU
		{62FD7C19-8712-4464-8EB2-F9AC34D4662A}.Release|Any CPU.Build.0 = Release|Any CPU
	EndGlobalSection
	GlobalSection(SolutionProperties) = preSolution
		HideSolutionNode = FALSE
	EndGlobalSection
	GlobalSection(ExtensibilityGlobals) = postSolution
		SolutionGuid = {3492DF83-86F7-440B-90C2-0058700D5936}
	EndGlobalSection
EndGlobal
