
Microsoft Visual Studio Solution File, Format Version 12.00
# Visual Studio 15
VisualStudioVersion = 15.0.27428.2015
MinimumVisualStudioVersion = 10.0.40219.1
Project("{FAE04EC0-301F-11D3-BF4B-00C04F79EFBC}") = "ll-merge", "ConsoleApp1\ll-merge.csproj", "{B038B152-218F-4089-8C41-1E801EAB7909}"
EndProject
Project("{2150E333-8FDC-42A3-9474-1A3956D46DE8}") = "Solution Items", "Solution Items", "{0C18F139-3905-4CFA-B2B1-B0145676018B}"
	ProjectSection(SolutionItems) = preProject
		Readme.md = Readme.md
	EndProjectSection
EndProject
Global
	GlobalSection(SolutionConfigurationPlatforms) = preSolution
		Debug|Any CPU = Debug|Any CPU
		Release|Any CPU = Release|Any CPU
	EndGlobalSection
	GlobalSection(ProjectConfigurationPlatforms) = postSolution
		{B038B152-218F-4089-8C41-1E801EAB7909}.Debug|Any CPU.ActiveCfg = Debug|Any CPU
		{B038B152-218F-4089-8C41-1E801EAB7909}.Debug|Any CPU.Build.0 = Debug|Any CPU
		{B038B152-218F-4089-8C41-1E801EAB7909}.Release|Any CPU.ActiveCfg = Release|Any CPU
		{B038B152-218F-4089-8C41-1E801EAB7909}.Release|Any CPU.Build.0 = Release|Any CPU
	EndGlobalSection
	GlobalSection(SolutionProperties) = preSolution
		HideSolutionNode = FALSE
	EndGlobalSection
	GlobalSection(ExtensibilityGlobals) = postSolution
		SolutionGuid = {E9C35C6A-1507-4030-89BE-10EBF9C46D53}
	EndGlobalSection
EndGlobal
