
Microsoft Visual Studio Solution File, Format Version 12.00
# Visual Studio 15
VisualStudioVersion = 15.0.27428.2015
MinimumVisualStudioVersion = 10.0.40219.1
Project("{FAE04EC0-301F-11D3-BF4B-00C04F79EFBC}") = "LL_insertions", "LL_insertions\LL_insertions.csproj", "{EF7CB30D-E13B-4EA9-AF52-ED61374B9582}"
EndProject
Global
	GlobalSection(SolutionConfigurationPlatforms) = preSolution
		Debug|Any CPU = Debug|Any CPU
		Release|Any CPU = Release|Any CPU
	EndGlobalSection
	GlobalSection(ProjectConfigurationPlatforms) = postSolution
		{EF7CB30D-E13B-4EA9-AF52-ED61374B9582}.Debug|Any CPU.ActiveCfg = Debug|Any CPU
		{EF7CB30D-E13B-4EA9-AF52-ED61374B9582}.Debug|Any CPU.Build.0 = Debug|Any CPU
		{EF7CB30D-E13B-4EA9-AF52-ED61374B9582}.Release|Any CPU.ActiveCfg = Release|Any CPU
		{EF7CB30D-E13B-4EA9-AF52-ED61374B9582}.Release|Any CPU.Build.0 = Release|Any CPU
	EndGlobalSection
	GlobalSection(SolutionProperties) = preSolution
		HideSolutionNode = FALSE
	EndGlobalSection
	GlobalSection(ExtensibilityGlobals) = postSolution
		SolutionGuid = {856902E9-080E-4052-B420-56A9923E50D0}
	EndGlobalSection
EndGlobal
