
Microsoft Visual Studio Solution File, Format Version 12.00
# Visual Studio 15
VisualStudioVersion = 15.0.27428.2015
MinimumVisualStudioVersion = 10.0.40219.1
Project("{9A19103F-16F7-4668-BE54-9A1E7A4F7556}") = "LL_FindLoop", "LL_FindLoop\LL_FindLoop.csproj", "{1CE61803-5D8B-45F7-8288-B13DF16710A7}"
EndProject
Project("{FAE04EC0-301F-11D3-BF4B-00C04F79EFBC}") = "XUnitTestProject1", "XUnitTestProject1\XUnitTestProject1.csproj", "{D15A008D-1031-4F52-B831-6EA55EDF4A06}"
EndProject
Project("{2150E333-8FDC-42A3-9474-1A3956D46DE8}") = "Solution Items", "Solution Items", "{49212259-70BE-4D72-B88F-3A7BDA4848A5}"
	ProjectSection(SolutionItems) = preProject
		Readme.md = Readme.md
	EndProjectSection
EndProject
Global
	GlobalSection(SolutionConfigurationPlatforms) = preSolution
		Debug|Any CPU = Debug|Any CPU
		Release|Any CPU = Release|Any CPU
	EndGlobalSection
	GlobalSection(ProjectConfigurationPlatforms) = postSolution
		{1CE61803-5D8B-45F7-8288-B13DF16710A7}.Debug|Any CPU.ActiveCfg = Debug|Any CPU
		{1CE61803-5D8B-45F7-8288-B13DF16710A7}.Debug|Any CPU.Build.0 = Debug|Any CPU
		{1CE61803-5D8B-45F7-8288-B13DF16710A7}.Release|Any CPU.ActiveCfg = Release|Any CPU
		{1CE61803-5D8B-45F7-8288-B13DF16710A7}.Release|Any CPU.Build.0 = Release|Any CPU
		{D15A008D-1031-4F52-B831-6EA55EDF4A06}.Debug|Any CPU.ActiveCfg = Debug|Any CPU
		{D15A008D-1031-4F52-B831-6EA55EDF4A06}.Debug|Any CPU.Build.0 = Debug|Any CPU
		{D15A008D-1031-4F52-B831-6EA55EDF4A06}.Release|Any CPU.ActiveCfg = Release|Any CPU
		{D15A008D-1031-4F52-B831-6EA55EDF4A06}.Release|Any CPU.Build.0 = Release|Any CPU
	EndGlobalSection
	GlobalSection(SolutionProperties) = preSolution
		HideSolutionNode = FALSE
	EndGlobalSection
	GlobalSection(ExtensibilityGlobals) = postSolution
		SolutionGuid = {78980032-346C-438C-8BF4-EBB381C85362}
	EndGlobalSection
EndGlobal
